{
  "name": "js-practice",
  "version": "1.0.0",
  "lockfileVersion": 1,
  "requires": true,
  "dependencies": {
    "underscore": {
      "version": "1.13.1",
      "resolved": "http://npm.qixin007.com/underscore/-/underscore-1.13.1.tgz",
      "integrity": "sha1-DBxr0t9UtrafIxQGbWW2zeb8+dE=",
      "dev": true
    }
  }
}
